
Microsoft Visual Studio Solution File, Format Version 12.00
# Visual Studio Version 17
VisualStudioVersion = 17.0.31903.59
MinimumVisualStudioVersion = 10.0.40219.1
Project("{2150E333-8FDC-42A3-9474-1A3956D46DE8}") = "src", "src", "{827E0CD3-B72D-47B6-A68D-7590B98EB39B}"
EndProject
Project("{FAE04EC0-301F-11D3-BF4B-00C04F79EFBC}") = "LaPecosa.Api", "src\LaPecosa.Api\LaPecosa.Api.csproj", "{F84FD8AE-B26E-4473-9C52-A610BDD85AC8}"
EndProject
Project("{FAE04EC0-301F-11D3-BF4B-00C04F79EFBC}") = "LaPecosa.Aplicacion", "src\LaPecosa.Aplicacion\LaPecosa.Aplicacion.csproj", "{E4CFC91E-4590-49D2-9CED-43AE5F430CB6}"
EndProject
Project("{FAE04EC0-301F-11D3-BF4B-00C04F79EFBC}") = "LaPecosa.Dominio", "src\LaPecosa.Dominio\LaPecosa.Dominio.csproj", "{130D5288-05E3-4A81-964E-055FF7E0D6FF}"
EndProject
Project("{FAE04EC0-301F-11D3-BF4B-00C04F79EFBC}") = "LaPecosa.Infraestructura", "src\LaPecosa.Infraestructura\LaPecosa.Infraestructura.csproj", "{83F980FA-2973-418B-ACCB-C3602831876A}"
EndProject
Project("{2150E333-8FDC-42A3-9474-1A3956D46DE8}") = "pruebas", "pruebas", "{7F94342B-59F1-7B77-1E97-1C96D3BEFA86}"
EndProject
Project("{2150E333-8FDC-42A3-9474-1A3956D46DE8}") = "Unitarias", "Unitarias", "{4F726627-4E59-B678-89E7-FE5214D5D356}"
EndProject
Project("{FAE04EC0-301F-11D3-BF4B-00C04F79EFBC}") = "LaPecosa.Pruebas.Unitarias", "pruebas\Unitarias\LaPecosa.Pruebas.Unitarias.csproj", "{B3C7F1D3-F561-4E39-99F4-06F3AB94886B}"
EndProject
Project("{2150E333-8FDC-42A3-9474-1A3956D46DE8}") = "Integracion", "Integracion", "{4CE36E2D-2213-B33A-4B08-A187B2DA0C98}"
EndProject
Project("{FAE04EC0-301F-11D3-BF4B-00C04F79EFBC}") = "LaPecosa.Pruebas.Integracion", "pruebas\Integracion\LaPecosa.Pruebas.Integracion.csproj", "{C9847302-2659-44CD-A103-47197CD0E39F}"
EndProject
Global
	GlobalSection(SolutionConfigurationPlatforms) = preSolution
		Debug|Any CPU = Debug|Any CPU
		Debug|x64 = Debug|x64
		Debug|x86 = Debug|x86
		Release|Any CPU = Release|Any CPU
		Release|x64 = Release|x64
		Release|x86 = Release|x86
	EndGlobalSection
	GlobalSection(ProjectConfigurationPlatforms) = postSolution
		{F84FD8AE-B26E-4473-9C52-A610BDD85AC8}.Debug|Any CPU.ActiveCfg = Debug|Any CPU
		{F84FD8AE-B26E-4473-9C52-A610BDD85AC8}.Debug|Any CPU.Build.0 = Debug|Any CPU
		{F84FD8AE-B26E-4473-9C52-A610BDD85AC8}.Debug|x64.ActiveCfg = Debug|Any CPU
		{F84FD8AE-B26E-4473-9C52-A610BDD85AC8}.Debug|x64.Build.0 = Debug|Any CPU
		{F84FD8AE-B26E-4473-9C52-A610BDD85AC8}.Debug|x86.ActiveCfg = Debug|Any CPU
		{F84FD8AE-B26E-4473-9C52-A610BDD85AC8}.Debug|x86.Build.0 = Debug|Any CPU
		{F84FD8AE-B26E-4473-9C52-A610BDD85AC8}.Release|Any CPU.ActiveCfg = Release|Any CPU
		{F84FD8AE-B26E-4473-9C52-A610BDD85AC8}.Release|Any CPU.Build.0 = Release|Any CPU
		{F84FD8AE-B26E-4473-9C52-A610BDD85AC8}.Release|x64.ActiveCfg = Release|Any CPU
		{F84FD8AE-B26E-4473-9C52-A610BDD85AC8}.Release|x64.Build.0 = Release|Any CPU
		{F84FD8AE-B26E-4473-9C52-A610BDD85AC8}.Release|x86.ActiveCfg = Release|Any CPU
		{F84FD8AE-B26E-4473-9C52-A610BDD85AC8}.Release|x86.Build.0 = Release|Any CPU
		{E4CFC91E-4590-49D2-9CED-43AE5F430CB6}.Debug|Any CPU.ActiveCfg = Debug|Any CPU
		{E4CFC91E-4590-49D2-9CED-43AE5F430CB6}.Debug|Any CPU.Build.0 = Debug|Any CPU
		{E4CFC91E-4590-49D2-9CED-43AE5F430CB6}.Debug|x64.ActiveCfg = Debug|Any CPU
		{E4CFC91E-4590-49D2-9CED-43AE5F430CB6}.Debug|x64.Build.0 = Debug|Any CPU
		{E4CFC91E-4590-49D2-9CED-43AE5F430CB6}.Debug|x86.ActiveCfg = Debug|Any CPU
		{E4CFC91E-4590-49D2-9CED-43AE5F430CB6}.Debug|x86.Build.0 = Debug|Any CPU
		{E4CFC91E-4590-49D2-9CED-43AE5F430CB6}.Release|Any CPU.ActiveCfg = Release|Any CPU
		{E4CFC91E-4590-49D2-9CED-43AE5F430CB6}.Release|Any CPU.Build.0 = Release|Any CPU
		{E4CFC91E-4590-49D2-9CED-43AE5F430CB6}.Release|x64.ActiveCfg = Release|Any CPU
		{E4CFC91E-4590-49D2-9CED-43AE5F430CB6}.Release|x64.Build.0 = Release|Any CPU
		{E4CFC91E-4590-49D2-9CED-43AE5F430CB6}.Release|x86.ActiveCfg = Release|Any CPU
		{E4CFC91E-4590-49D2-9CED-43AE5F430CB6}.Release|x86.Build.0 = Release|Any CPU
		{130D5288-05E3-4A81-964E-055FF7E0D6FF}.Debug|Any CPU.ActiveCfg = Debug|Any CPU
		{130D5288-05E3-4A81-964E-055FF7E0D6FF}.Debug|Any CPU.Build.0 = Debug|Any CPU
		{130D5288-05E3-4A81-964E-055FF7E0D6FF}.Debug|x64.ActiveCfg = Debug|Any CPU
		{130D5288-05E3-4A81-964E-055FF7E0D6FF}.Debug|x64.Build.0 = Debug|Any CPU
		{130D5288-05E3-4A81-964E-055FF7E0D6FF}.Debug|x86.ActiveCfg = Debug|Any CPU
		{130D5288-05E3-4A81-964E-055FF7E0D6FF}.Debug|x86.Build.0 = Debug|Any CPU
		{130D5288-05E3-4A81-964E-055FF7E0D6FF}.Release|Any CPU.ActiveCfg = Release|Any CPU
		{130D5288-05E3-4A81-964E-055FF7E0D6FF}.Release|Any CPU.Build.0 = Release|Any CPU
		{130D5288-05E3-4A81-964E-055FF7E0D6FF}.Release|x64.ActiveCfg = Release|Any CPU
		{130D5288-05E3-4A81-964E-055FF7E0D6FF}.Release|x64.Build.0 = Release|Any CPU
		{130D5288-05E3-4A81-964E-055FF7E0D6FF}.Release|x86.ActiveCfg = Release|Any CPU
		{130D5288-05E3-4A81-964E-055FF7E0D6FF}.Release|x86.Build.0 = Release|Any CPU
		{83F980FA-2973-418B-ACCB-C3602831876A}.Debug|Any CPU.ActiveCfg = Debug|Any CPU
		{83F980FA-2973-418B-ACCB-C3602831876A}.Debug|Any CPU.Build.0 = Debug|Any CPU
		{83F980FA-2973-418B-ACCB-C3602831876A}.Debug|x64.ActiveCfg = Debug|Any CPU
		{83F980FA-2973-418B-ACCB-C3602831876A}.Debug|x64.Build.0 = Debug|Any CPU
		{83F980FA-2973-418B-ACCB-C3602831876A}.Debug|x86.ActiveCfg = Debug|Any CPU
		{83F980FA-2973-418B-ACCB-C3602831876A}.Debug|x86.Build.0 = Debug|Any CPU
		{83F980FA-2973-418B-ACCB-C3602831876A}.Release|Any CPU.ActiveCfg = Release|Any CPU
		{83F980FA-2973-418B-ACCB-C3602831876A}.Release|Any CPU.Build.0 = Release|Any CPU
		{83F980FA-2973-418B-ACCB-C3602831876A}.Release|x64.ActiveCfg = Release|Any CPU
		{83F980FA-2973-418B-ACCB-C3602831876A}.Release|x64.Build.0 = Release|Any CPU
		{83F980FA-2973-418B-ACCB-C3602831876A}.Release|x86.ActiveCfg = Release|Any CPU
		{83F980FA-2973-418B-ACCB-C3602831876A}.Release|x86.Build.0 = Release|Any CPU
		{B3C7F1D3-F561-4E39-99F4-06F3AB94886B}.Debug|Any CPU.ActiveCfg = Debug|Any CPU
		{B3C7F1D3-F561-4E39-99F4-06F3AB94886B}.Debug|Any CPU.Build.0 = Debug|Any CPU
		{B3C7F1D3-F561-4E39-99F4-06F3AB94886B}.Debug|x64.ActiveCfg = Debug|Any CPU
		{B3C7F1D3-F561-4E39-99F4-06F3AB94886B}.Debug|x64.Build.0 = Debug|Any CPU
		{B3C7F1D3-F561-4E39-99F4-06F3AB94886B}.Debug|x86.ActiveCfg = Debug|Any CPU
		{B3C7F1D3-F561-4E39-99F4-06F3AB94886B}.Debug|x86.Build.0 = Debug|Any CPU
		{B3C7F1D3-F561-4E39-99F4-06F3AB94886B}.Release|Any CPU.ActiveCfg = Release|Any CPU
		{B3C7F1D3-F561-4E39-99F4-06F3AB94886B}.Release|Any CPU.Build.0 = Release|Any CPU
		{B3C7F1D3-F561-4E39-99F4-06F3AB94886B}.Release|x64.ActiveCfg = Release|Any CPU
		{B3C7F1D3-F561-4E39-99F4-06F3AB94886B}.Release|x64.Build.0 = Release|Any CPU
		{B3C7F1D3-F561-4E39-99F4-06F3AB94886B}.Release|x86.ActiveCfg = Release|Any CPU
		{B3C7F1D3-F561-4E39-99F4-06F3AB94886B}.Release|x86.Build.0 = Release|Any CPU
		{C9847302-2659-44CD-A103-47197CD0E39F}.Debug|Any CPU.ActiveCfg = Debug|Any CPU
		{C9847302-2659-44CD-A103-47197CD0E39F}.Debug|Any CPU.Build.0 = Debug|Any CPU
		{C9847302-2659-44CD-A103-47197CD0E39F}.Debug|x64.ActiveCfg = Debug|Any CPU
		{C9847302-2659-44CD-A103-47197CD0E39F}.Debug|x64.Build.0 = Debug|Any CPU
		{C9847302-2659-44CD-A103-47197CD0E39F}.Debug|x86.ActiveCfg = Debug|Any CPU
		{C9847302-2659-44CD-A103-47197CD0E39F}.Debug|x86.Build.0 = Debug|Any CPU
		{C9847302-2659-44CD-A103-47197CD0E39F}.Release|Any CPU.ActiveCfg = Release|Any CPU
		{C9847302-2659-44CD-A103-47197CD0E39F}.Release|Any CPU.Build.0 = Release|Any CPU
		{C9847302-2659-44CD-A103-47197CD0E39F}.Release|x64.ActiveCfg = Release|Any CPU
		{C9847302-2659-44CD-A103-47197CD0E39F}.Release|x64.Build.0 = Release|Any CPU
		{C9847302-2659-44CD-A103-47197CD0E39F}.Release|x86.ActiveCfg = Release|Any CPU
		{C9847302-2659-44CD-A103-47197CD0E39F}.Release|x86.Build.0 = Release|Any CPU
	EndGlobalSection
	GlobalSection(SolutionProperties) = preSolution
		HideSolutionNode = FALSE
	EndGlobalSection
	GlobalSection(NestedProjects) = preSolution
		{F84FD8AE-B26E-4473-9C52-A610BDD85AC8} = {827E0CD3-B72D-47B6-A68D-7590B98EB39B}
		{E4CFC91E-4590-49D2-9CED-43AE5F430CB6} = {827E0CD3-B72D-47B6-A68D-7590B98EB39B}
		{130D5288-05E3-4A81-964E-055FF7E0D6FF} = {827E0CD3-B72D-47B6-A68D-7590B98EB39B}
		{83F980FA-2973-418B-ACCB-C3602831876A} = {827E0CD3-B72D-47B6-A68D-7590B98EB39B}
		{4F726627-4E59-B678-89E7-FE5214D5D356} = {7F94342B-59F1-7B77-1E97-1C96D3BEFA86}
		{B3C7F1D3-F561-4E39-99F4-06F3AB94886B} = {4F726627-4E59-B678-89E7-FE5214D5D356}
		{4CE36E2D-2213-B33A-4B08-A187B2DA0C98} = {7F94342B-59F1-7B77-1E97-1C96D3BEFA86}
		{C9847302-2659-44CD-A103-47197CD0E39F} = {4CE36E2D-2213-B33A-4B08-A187B2DA0C98}
	EndGlobalSection
EndGlobal
